{
  "originHash" : "b20f882768662d0e5f79ea54d1299923515078baa6776a74bcdc3f7db15dfe0a",
  "pins" : [
    {
      "identity" : "icloudsyncstatuskit",
      "kind" : "remoteSourceControl",
      "location" : "https://github.com/fatbobman/iCloudSyncStatusKit.git",
      "state" : {
        "revision" : "a6884f42d5a6139b74e2cd2f3c6be18cdb1f5847",
        "version" : "1.1.0"
      }
    },
    {
      "identity" : "simplelogger",
      "kind" : "remoteSourceControl",
      "location" : "https://github.com/fatbobman/SimpleLogger.git",
      "state" : {
        "revision" : "97691d5dd27947397b2ac2cc91f6bc75960ebd4e",
        "version" : "0.9.2"
      }
    },
    {
      "identity" : "swiftui-shimmer",
      "kind" : "remoteSourceControl",
      "location" : "https://github.com/markiv/SwiftUI-Shimmer.git",
      "state" : {
        "revision" : "0226e21f9bf355d40e07e5f5e1c33679d50e167f",
        "version" : "1.5.1"
      }
    }
  ],
  "version" : 3
}
